
Microsoft Visual Studio Solution File, Format Version 12.00
# Visual Studio Version 17
VisualStudioVersion = 17.7.34202.233
MinimumVisualStudioVersion = 10.0.40219.1
Project("{9A19103F-16F7-4668-BE54-9A1E7A4F7556}") = "Your Music Depot Application-DBAS6201", "Your Music Depot Application-DBAS6201.csproj", "{5F8A53F4-1BC2-47FF-96FB-26AEF1266786}"
EndProject
Global
	GlobalSection(SolutionConfigurationPlatforms) = preSolution
		Debug|Any CPU = Debug|Any CPU
		Release|Any CPU = Release|Any CPU
	EndGlobalSection
	GlobalSection(ProjectConfigurationPlatforms) = postSolution
		{5F8A53F4-1BC2-47FF-96FB-26AEF1266786}.Debug|Any CPU.ActiveCfg = Debug|Any CPU
		{5F8A53F4-1BC2-47FF-96FB-26AEF1266786}.Debug|Any CPU.Build.0 = Debug|Any CPU
		{5F8A53F4-1BC2-47FF-96FB-26AEF1266786}.Release|Any CPU.ActiveCfg = Release|Any CPU
		{5F8A53F4-1BC2-47FF-96FB-26AEF1266786}.Release|Any CPU.Build.0 = Release|Any CPU
	EndGlobalSection
	GlobalSection(SolutionProperties) = preSolution
		HideSolutionNode = FALSE
	EndGlobalSection
	GlobalSection(ExtensibilityGlobals) = postSolution
		SolutionGuid = {025E49B5-8A67-428C-A5EB-0326AACD2838}
	EndGlobalSection
EndGlobal
